
Microsoft Visual Studio Solution File, Format Version 12.00
# Visual Studio Version 16
VisualStudioVersion = 16.0.30114.105
MinimumVisualStudioVersion = 10.0.40219.1
Project("{FAE04EC0-301F-11D3-BF4B-00C04F79EFBC}") = "PaymentContext.domain", "PaymentContext.domain\PaymentContext.domain.csproj", "{2CE43E88-BF3B-43B6-8D89-6CC265EB04C5}"
EndProject
Project("{FAE04EC0-301F-11D3-BF4B-00C04F79EFBC}") = "PaymentContext.Shared", "PaymentContext.Shared\PaymentContext.Shared.csproj", "{2BD540B1-1E8D-4560-AEB6-4BDCBCB586E3}"
EndProject
Project("{FAE04EC0-301F-11D3-BF4B-00C04F79EFBC}") = "PaymentContext.Teste", "PaymentContext.Teste\PaymentContext.Teste.csproj", "{458241F5-8594-481D-8736-E81A08FCF260}"
EndProject
Global
	GlobalSection(SolutionConfigurationPlatforms) = preSolution
		Debug|Any CPU = Debug|Any CPU
		Debug|x64 = Debug|x64
		Debug|x86 = Debug|x86
		Release|Any CPU = Release|Any CPU
		Release|x64 = Release|x64
		Release|x86 = Release|x86
	EndGlobalSection
	GlobalSection(SolutionProperties) = preSolution
		HideSolutionNode = FALSE
	EndGlobalSection
	GlobalSection(ProjectConfigurationPlatforms) = postSolution
		{2CE43E88-BF3B-43B6-8D89-6CC265EB04C5}.Debug|Any CPU.ActiveCfg = Debug|Any CPU
		{2CE43E88-BF3B-43B6-8D89-6CC265EB04C5}.Debug|Any CPU.Build.0 = Debug|Any CPU
		{2CE43E88-BF3B-43B6-8D89-6CC265EB04C5}.Debug|x64.ActiveCfg = Debug|Any CPU
		{2CE43E88-BF3B-43B6-8D89-6CC265EB04C5}.Debug|x64.Build.0 = Debug|Any CPU
		{2CE43E88-BF3B-43B6-8D89-6CC265EB04C5}.Debug|x86.ActiveCfg = Debug|Any CPU
		{2CE43E88-BF3B-43B6-8D89-6CC265EB04C5}.Debug|x86.Build.0 = Debug|Any CPU
		{2CE43E88-BF3B-43B6-8D89-6CC265EB04C5}.Release|Any CPU.ActiveCfg = Release|Any CPU
		{2CE43E88-BF3B-43B6-8D89-6CC265EB04C5}.Release|Any CPU.Build.0 = Release|Any CPU
		{2CE43E88-BF3B-43B6-8D89-6CC265EB04C5}.Release|x64.ActiveCfg = Release|Any CPU
		{2CE43E88-BF3B-43B6-8D89-6CC265EB04C5}.Release|x64.Build.0 = Release|Any CPU
		{2CE43E88-BF3B-43B6-8D89-6CC265EB04C5}.Release|x86.ActiveCfg = Release|Any CPU
		{2CE43E88-BF3B-43B6-8D89-6CC265EB04C5}.Release|x86.Build.0 = Release|Any CPU
		{2BD540B1-1E8D-4560-AEB6-4BDCBCB586E3}.Debug|Any CPU.ActiveCfg = Debug|Any CPU
		{2BD540B1-1E8D-4560-AEB6-4BDCBCB586E3}.Debug|Any CPU.Build.0 = Debug|Any CPU
		{2BD540B1-1E8D-4560-AEB6-4BDCBCB586E3}.Debug|x64.ActiveCfg = Debug|Any CPU
		{2BD540B1-1E8D-4560-AEB6-4BDCBCB586E3}.Debug|x64.Build.0 = Debug|Any CPU
		{2BD540B1-1E8D-4560-AEB6-4BDCBCB586E3}.Debug|x86.ActiveCfg = Debug|Any CPU
		{2BD540B1-1E8D-4560-AEB6-4BDCBCB586E3}.Debug|x86.Build.0 = Debug|Any CPU
		{2BD540B1-1E8D-4560-AEB6-4BDCBCB586E3}.Release|Any CPU.ActiveCfg = Release|Any CPU
		{2BD540B1-1E8D-4560-AEB6-4BDCBCB586E3}.Release|Any CPU.Build.0 = Release|Any CPU
		{2BD540B1-1E8D-4560-AEB6-4BDCBCB586E3}.Release|x64.ActiveCfg = Release|Any CPU
		{2BD540B1-1E8D-4560-AEB6-4BDCBCB586E3}.Release|x64.Build.0 = Release|Any CPU
		{2BD540B1-1E8D-4560-AEB6-4BDCBCB586E3}.Release|x86.ActiveCfg = Release|Any CPU
		{2BD540B1-1E8D-4560-AEB6-4BDCBCB586E3}.Release|x86.Build.0 = Release|Any CPU
		{458241F5-8594-481D-8736-E81A08FCF260}.Debug|Any CPU.ActiveCfg = Debug|Any CPU
		{458241F5-8594-481D-8736-E81A08FCF260}.Debug|Any CPU.Build.0 = Debug|Any CPU
		{458241F5-8594-481D-8736-E81A08FCF260}.Debug|x64.ActiveCfg = Debug|Any CPU
		{458241F5-8594-481D-8736-E81A08FCF260}.Debug|x64.Build.0 = Debug|Any CPU
		{458241F5-8594-481D-8736-E81A08FCF260}.Debug|x86.ActiveCfg = Debug|Any CPU
		{458241F5-8594-481D-8736-E81A08FCF260}.Debug|x86.Build.0 = Debug|Any CPU
		{458241F5-8594-481D-8736-E81A08FCF260}.Release|Any CPU.ActiveCfg = Release|Any CPU
		{458241F5-8594-481D-8736-E81A08FCF260}.Release|Any CPU.Build.0 = Release|Any CPU
		{458241F5-8594-481D-8736-E81A08FCF260}.Release|x64.ActiveCfg = Release|Any CPU
		{458241F5-8594-481D-8736-E81A08FCF260}.Release|x64.Build.0 = Release|Any CPU
		{458241F5-8594-481D-8736-E81A08FCF260}.Release|x86.ActiveCfg = Release|Any CPU
		{458241F5-8594-481D-8736-E81A08FCF260}.Release|x86.Build.0 = Release|Any CPU
	EndGlobalSection
EndGlobal
